
Microsoft Visual Studio Solution File, Format Version 12.00
# Visual Studio Version 16
VisualStudioVersion = 16.0.29215.179
MinimumVisualStudioVersion = 10.0.40219.1
Project("{8BC9CEB8-8B4A-11D0-8D11-00A0C91BC942}") = "Project4", "Project4.vcxproj", "{E21EFB93-FE50-4F84-8B31-FD2273E0A7AB}"
EndProject
Global
	GlobalSection(SolutionConfigurationPlatforms) = preSolution
		Debug|x64 = Debug|x64
		Debug|x86 = Debug|x86
		Release|x64 = Release|x64
		Release|x86 = Release|x86
	EndGlobalSection
	GlobalSection(ProjectConfigurationPlatforms) = postSolution
		{E21EFB93-FE50-4F84-8B31-FD2273E0A7AB}.Debug|x64.ActiveCfg = Debug|x64
		{E21EFB93-FE50-4F84-8B31-FD2273E0A7AB}.Debug|x64.Build.0 = Debug|x64
		{E21EFB93-FE50-4F84-8B31-FD2273E0A7AB}.Debug|x86.ActiveCfg = Debug|Win32
		{E21EFB93-FE50-4F84-8B31-FD2273E0A7AB}.Debug|x86.Build.0 = Debug|Win32
		{E21EFB93-FE50-4F84-8B31-FD2273E0A7AB}.Release|x64.ActiveCfg = Release|x64
		{E21EFB93-FE50-4F84-8B31-FD2273E0A7AB}.Release|x64.Build.0 = Release|x64
		{E21EFB93-FE50-4F84-8B31-FD2273E0A7AB}.Release|x86.ActiveCfg = Release|Win32
		{E21EFB93-FE50-4F84-8B31-FD2273E0A7AB}.Release|x86.Build.0 = Release|Win32
	EndGlobalSection
	GlobalSection(SolutionProperties) = preSolution
		HideSolutionNode = FALSE
	EndGlobalSection
	GlobalSection(ExtensibilityGlobals) = postSolution
		SolutionGuid = {CD3F2D09-ED08-40BF-A804-C70B286D194D}
	EndGlobalSection
EndGlobal
